
Microsoft Visual Studio Solution File, Format Version 12.00
# Visual Studio Version 16
VisualStudioVersion = 16.0.31129.286
MinimumVisualStudioVersion = 10.0.40219.1
Project("{9A19103F-16F7-4668-BE54-9A1E7A4F7556}") = "AdLookupNg", "AdLookupNg.csproj", "{9DBDA321-D3A1-4F28-82FD-9E9429E5C0E7}"
EndProject
Global
	GlobalSection(SolutionConfigurationPlatforms) = preSolution
		Debug|Any CPU = Debug|Any CPU
		Release|Any CPU = Release|Any CPU
	EndGlobalSection
	GlobalSection(ProjectConfigurationPlatforms) = postSolution
		{9DBDA321-D3A1-4F28-82FD-9E9429E5C0E7}.Debug|Any CPU.ActiveCfg = Debug|Any CPU
		{9DBDA321-D3A1-4F28-82FD-9E9429E5C0E7}.Debug|Any CPU.Build.0 = Debug|Any CPU
		{9DBDA321-D3A1-4F28-82FD-9E9429E5C0E7}.Release|Any CPU.ActiveCfg = Release|Any CPU
		{9DBDA321-D3A1-4F28-82FD-9E9429E5C0E7}.Release|Any CPU.Build.0 = Release|Any CPU
	EndGlobalSection
	GlobalSection(SolutionProperties) = preSolution
		HideSolutionNode = FALSE
	EndGlobalSection
	GlobalSection(ExtensibilityGlobals) = postSolution
		SolutionGuid = {F94FE19F-9F4E-49E8-8676-5E7770215272}
	EndGlobalSection
EndGlobal
